{
  "name": "parsed-element",
  "version": "0.0.1",
  "lockfileVersion": 3,
  "requires": true,
  "packages": {
    "": {
      "name": "parsed-element",
      "version": "0.0.1",
      "license": "MIT",
      "dependencies": {
        "html-parsed-element": "^0.4.1"
      }
    },
    "node_modules/html-parsed-element": {
      "version": "0.4.1",
      "resolved": "https://registry.npmjs.org/html-parsed-element/-/html-parsed-element-0.4.1.tgz",
      "integrity": "sha512-uRNt6oVAFAQ/PBS9JZiURMpR2Me0KR11mOG6sbamJl1PIX7qMX1h/ck2EhY11RPU4m39o9x9XvOs5KaLneaxGA==",
      "license": "ISC"
    }
  }
}
